
Microsoft Visual Studio Solution File, Format Version 12.00
# Visual Studio Version 17
VisualStudioVersion = 17.10.35122.118
MinimumVisualStudioVersion = 10.0.40219.1
Project("{FAE04EC0-301F-11D3-BF4B-00C04F79EFBC}") = "PoolLang", "PoolLang.csproj", "{5FE0D6E7-F661-4775-A159-5A681203D22C}"
EndProject
Global
	GlobalSection(SolutionConfigurationPlatforms) = preSolution
		Debug|Any CPU = Debug|Any CPU
		Release|Any CPU = Release|Any CPU
	EndGlobalSection
	GlobalSection(ProjectConfigurationPlatforms) = postSolution
		{5FE0D6E7-F661-4775-A159-5A681203D22C}.Debug|Any CPU.ActiveCfg = Debug|Any CPU
		{5FE0D6E7-F661-4775-A159-5A681203D22C}.Debug|Any CPU.Build.0 = Debug|Any CPU
		{5FE0D6E7-F661-4775-A159-5A681203D22C}.Release|Any CPU.ActiveCfg = Release|Any CPU
		{5FE0D6E7-F661-4775-A159-5A681203D22C}.Release|Any CPU.Build.0 = Release|Any CPU
	EndGlobalSection
	GlobalSection(SolutionProperties) = preSolution
		HideSolutionNode = FALSE
	EndGlobalSection
	GlobalSection(ExtensibilityGlobals) = postSolution
		SolutionGuid = {D9312BEA-2563-48E7-9897-1CCACD38BB37}
	EndGlobalSection
EndGlobal
